
Microsoft Visual Studio Solution File, Format Version 12.00
# Visual Studio Version 16
VisualStudioVersion = 16.0.29613.14
MinimumVisualStudioVersion = 10.0.40219.1
Project("{FAE04EC0-301F-11D3-BF4B-00C04F79EFBC}") = "SAV.DataAccess", "SAV.DataAccess\SAV.DataAccess.csproj", "{F05BD720-7D89-4D4B-BD2F-DAE5B4C612ED}"
EndProject
Project("{FAE04EC0-301F-11D3-BF4B-00C04F79EFBC}") = "SAV.Entity", "SAV.Entity\SAV.Entity.csproj", "{8946CA96-9603-4868-9506-F8BF7C4805B0}"
EndProject
Project("{FAE04EC0-301F-11D3-BF4B-00C04F79EFBC}") = "SAV.API", "SAV.API\SAV.API.csproj", "{BD576A70-9D4C-43C6-948E-3C1048FB8F97}"
EndProject
Global
	GlobalSection(SolutionConfigurationPlatforms) = preSolution
		Debug|Any CPU = Debug|Any CPU
		Release|Any CPU = Release|Any CPU
	EndGlobalSection
	GlobalSection(ProjectConfigurationPlatforms) = postSolution
		{F05BD720-7D89-4D4B-BD2F-DAE5B4C612ED}.Debug|Any CPU.ActiveCfg = Debug|Any CPU
		{F05BD720-7D89-4D4B-BD2F-DAE5B4C612ED}.Debug|Any CPU.Build.0 = Debug|Any CPU
		{F05BD720-7D89-4D4B-BD2F-DAE5B4C612ED}.Release|Any CPU.ActiveCfg = Release|Any CPU
		{F05BD720-7D89-4D4B-BD2F-DAE5B4C612ED}.Release|Any CPU.Build.0 = Release|Any CPU
		{8946CA96-9603-4868-9506-F8BF7C4805B0}.Debug|Any CPU.ActiveCfg = Debug|Any CPU
		{8946CA96-9603-4868-9506-F8BF7C4805B0}.Debug|Any CPU.Build.0 = Debug|Any CPU
		{8946CA96-9603-4868-9506-F8BF7C4805B0}.Release|Any CPU.ActiveCfg = Release|Any CPU
		{8946CA96-9603-4868-9506-F8BF7C4805B0}.Release|Any CPU.Build.0 = Release|Any CPU
		{BD576A70-9D4C-43C6-948E-3C1048FB8F97}.Debug|Any CPU.ActiveCfg = Debug|Any CPU
		{BD576A70-9D4C-43C6-948E-3C1048FB8F97}.Debug|Any CPU.Build.0 = Debug|Any CPU
		{BD576A70-9D4C-43C6-948E-3C1048FB8F97}.Release|Any CPU.ActiveCfg = Release|Any CPU
		{BD576A70-9D4C-43C6-948E-3C1048FB8F97}.Release|Any CPU.Build.0 = Release|Any CPU
	EndGlobalSection
	GlobalSection(SolutionProperties) = preSolution
		HideSolutionNode = FALSE
	EndGlobalSection
	GlobalSection(ExtensibilityGlobals) = postSolution
		SolutionGuid = {6A396882-A926-4758-A78B-0B6D4D467162}
	EndGlobalSection
EndGlobal
